
Microsoft Visual Studio Solution File, Format Version 12.00
# Visual Studio Version 17
VisualStudioVersion = 17.14.36414.22 d17.14
MinimumVisualStudioVersion = 10.0.40219.1
Project("{FAE04EC0-301F-11D3-BF4B-00C04F79EFBC}") = "SistemaDB", "SistemaDB.csproj", "{2D1956CF-8419-4E46-BA8B-AECFC355AC0F}"
EndProject
Global
	GlobalSection(SolutionConfigurationPlatforms) = preSolution
		Debug|Any CPU = Debug|Any CPU
		Release|Any CPU = Release|Any CPU
	EndGlobalSection
	GlobalSection(ProjectConfigurationPlatforms) = postSolution
		{2D1956CF-8419-4E46-BA8B-AECFC355AC0F}.Debug|Any CPU.ActiveCfg = Debug|Any CPU
		{2D1956CF-8419-4E46-BA8B-AECFC355AC0F}.Debug|Any CPU.Build.0 = Debug|Any CPU
		{2D1956CF-8419-4E46-BA8B-AECFC355AC0F}.Release|Any CPU.ActiveCfg = Release|Any CPU
		{2D1956CF-8419-4E46-BA8B-AECFC355AC0F}.Release|Any CPU.Build.0 = Release|Any CPU
	EndGlobalSection
	GlobalSection(SolutionProperties) = preSolution
		HideSolutionNode = FALSE
	EndGlobalSection
	GlobalSection(ExtensibilityGlobals) = postSolution
		SolutionGuid = {22C86BE1-F41C-4CDE-A5CE-7B635E0AD292}
	EndGlobalSection
EndGlobal
